Microsoft Visual Studio Solution File, Format Version 11.00
# Visual Studio 2008

Project("{7BC9AFCD-133F-37C7-62BC-D4E674B51A6F}") = "ButtLords 64", "Assembly-CSharp.csproj", "{0D0AE216-EC8F-0408-B1AB-655615A03488}"
EndProject
Global
	GlobalSection(SolutionConfigurationPlatforms) = preSolution
		Debug|Any CPU = Debug|Any CPU
		Release|Any CPU = Release|Any CPU
	EndGlobalSection
	GlobalSection(ProjectConfigurationPlatforms) = postSolution
		{0D0AE216-EC8F-0408-B1AB-655615A03488}.Debug|Any CPU.ActiveCfg = Debug|Any CPU
		{0D0AE216-EC8F-0408-B1AB-655615A03488}.Debug|Any CPU.Build.0 = Debug|Any CPU
		{0D0AE216-EC8F-0408-B1AB-655615A03488}.Release|Any CPU.ActiveCfg = Release|Any CPU
		{0D0AE216-EC8F-0408-B1AB-655615A03488}.Release|Any CPU.Build.0 = Release|Any CPU
	EndGlobalSection
	GlobalSection(SolutionProperties) = preSolution
		HideSolutionNode = FALSE
	EndGlobalSection
	GlobalSection(MonoDevelopProperties) = preSolution
		StartupItem = Assembly-CSharp.csproj
	EndGlobalSection
EndGlobal
